// !$*UTF8*$!
{
	archiveVersion = 1;
	classes = {
	};
	objectVersion = 46;
	objects = {

/* Begin PBXBuildFile section */
		EBE0784A189980B8001473AE /* Foundation.framework in Frameworks */ = {isa = PBXBuildFile; fileRef = EBE07849189980B8001473AE /* Foundation.framework */; };
		EBE0784C189980B8001473AE /* CoreGraphics.framework in Frameworks */ = {isa = PBXBuildFile; fileRef = EBE0784B189980B8001473AE /* CoreGraphics.framework */; };
		EBE0784E189980B8001473AE /* UIKit.framework in Frameworks */ = {isa = PBXBuildFile; fileRef = EBE0784D189980B8001473AE /* UIKit.framework */; };
		EBE07854189980B8001473AE /* InfoPlist.strings in Resources */ = {isa = PBXBuildFile; fileRef = EBE07852189980B8001473AE /* InfoPlist.strings */; };
		EBE07856189980B8001473AE /* main.m in Sources */ = {isa = PBXBuildFile; fileRef = EBE07855189980B8001473AE /* main.m */; };
		EBE0785A189980B8001473AE /* AppDelegate.m in Sources */ = {isa = PBXBuildFile; fileRef = EBE07859189980B8001473AE /* AppDelegate.m */; };
		EBE0785D189980B8001473AE /* Main.storyboard in Resources */ = {isa = PBXBuildFile; fileRef = EBE0785B189980B8001473AE /* Main.storyboard */; };
		EBE07860189980B8001473AE /* FirstViewController.m in Sources */ = {isa = PBXBuildFile; fileRef = EBE0785F189980B8001473AE /* FirstViewController.m */; };
		EBE07863189980B8001473AE /* SecondViewController.m in Sources */ = {isa = PBXBuildFile; fileRef = EBE07862189980B8001473AE /* SecondViewController.m */; };
		EBE07865189980B8001473AE /* Images.xcassets in Resources */ = {isa = PBXBuildFile; fileRef = EBE07864189980B8001473AE /* Images.xcassets */; };
		EBE0786C189980B8001473AE /* XCTest.framework in Frameworks */ = {isa = PBXBuildFile; fileRef = EBE0786B189980B8001473AE /* XCTest.framework */; };
		EBE0786D189980B8001473AE /* Foundation.framework in Frameworks */ = {isa = PBXBuildFile; fileRef = EBE07849189980B8001473AE /* Foundation.framework */; };
		EBE0786E189980B8001473AE /* UIKit.framework in Frameworks */ = {isa = PBXBuildFile; fileRef = EBE0784D189980B8001473AE /* UIKit.framework */; };
		EBE07876189980B8001473AE /* InfoPlist.strings in Resources */ = {isa = PBXBuildFile; fileRef = EBE07874189980B8001473AE /* InfoPlist.strings */; };
		EBE07878189980B8001473AE /* WhiskTests.m in Sources */ = {isa = PBXBuildFile; fileRef = EBE07877189980B8001473AE /* WhiskTests.m */; };
		EBE078821899825A001473AE /* CoreData.framework in Frameworks */ = {isa = PBXBuildFile; fileRef = EBE078811899825A001473AE /* CoreData.framework */; };
		EBE07885189B5DF7001473AE /* ThirdViewController.m in Sources */ = {isa = PBXBuildFile; fileRef = EBE07884189B5DF7001473AE /* ThirdViewController.m */; };
		EBE07887189B6AFA001473AE /* IMG_2555.jpg in Resources */ = {isa = PBXBuildFile; fileRef = EBE07886189B6AFA001473AE /* IMG_2555.jpg */; };
/* End PBXBuildFile section */

/* Begin PBXContainerItemProxy section */
		EBE0786F189980B8001473AE /* PBXContainerItemProxy */ = {
			isa = PBXContainerItemProxy;
			containerPortal = EBE0783E189980B8001473AE /* Project object */;
			proxyType = 1;
			remoteGlobalIDString = EBE07845189980B8001473AE;
			remoteInfo = Whisk;
		};
/* End PBXContainerItemProxy section */

/* Begin PBXFileReference section */
		EBE07846189980B8001473AE /* Whisk.app */ = {isa = PBXFileReference; explicitFileType = wrapper.application; includeInIndex = 0; path = Whisk.app; sourceTree = BUILT_PRODUCTS_DIR; };
		EBE07849189980B8001473AE /* Foundation.framework */ = {isa = PBXFileReference; lastKnownFileType = wrapper.framework; name = Foundation.framework; path = System/Library/Frameworks/Foundation.framework; sourceTree = SDKROOT; };
		EBE0784B189980B8001473AE /* CoreGraphics.framework */ = {isa = PBXFileReference; lastKnownFileType = wrapper.framework; name = CoreGraphics.framework; path = System/Library/Frameworks/CoreGraphics.framework; sourceTree = SDKROOT; };
		EBE0784D189980B8001473AE /* UIKit.framework */ = {isa = PBXFileReference; lastKnownFileType = wrapper.framework; name = UIKit.framework; path = System/Library/Frameworks/UIKit.framework; sourceTree = SDKROOT; };
		EBE07851189980B8001473AE /* Whisk-Info.plist */ = {isa = PBXFileReference; lastKnownFileType = text.plist.xml; path = "Whisk-Info.plist"; sourceTree = "<group>"; };
		EBE07853189980B8001473AE /* en */ = {isa = PBXFileReference; lastKnownFileType = text.plist.strings; name = en; path = en.lproj/InfoPlist.strings; sourceTree = "<group>"; };
		EBE07855189980B8001473AE /* main.m */ = {isa = PBXFileReference; lastKnownFileType = sourcecode.c.objc; path = main.m; sourceTree = "<group>"; };
		EBE07857189980B8001473AE /* Whisk-Prefix.pch */ = {isa = PBXFileReference; lastKnownFileType = sourcecode.c.h; path = "Whisk-Prefix.pch"; sourceTree = "<group>"; };
		EBE07858189980B8001473AE /* AppDelegate.h */ = {isa = PBXFileReference; lastKnownFileType = sourcecode.c.h; path = AppDelegate.h; sourceTree = "<group>"; };
		EBE07859189980B8001473AE /* AppDelegate.m */ = {isa = PBXFileReference; lastKnownFileType = sourcecode.c.objc; path = AppDelegate.m; sourceTree = "<group>"; };
		EBE0785C189980B8001473AE /* Base */ = {isa = PBXFileReference; lastKnownFileType = file.storyboard; name = Base; path = Base.lproj/Main.storyboard; sourceTree = "<group>"; };
		EBE0785E189980B8001473AE /* FirstViewController.h */ = {isa = PBXFileReference; lastKnownFileType = sourcecode.c.h; path = FirstViewController.h; sourceTree = "<group>"; };
		EBE0785F189980B8001473AE /* FirstViewController.m */ = {isa = PBXFileReference; lastKnownFileType = sourcecode.c.objc; path = FirstViewController.m; sourceTree = "<group>"; };
		EBE07861189980B8001473AE /* SecondViewController.h */ = {isa = PBXFileReference; lastKnownFileType = sourcecode.c.h; path = SecondViewController.h; sourceTree = "<group>"; };
		EBE07862189980B8001473AE /* SecondViewController.m */ = {isa = PBXFileReference; lastKnownFileType = sourcecode.c.objc; path = SecondViewController.m; sourceTree = "<group>"; };
		EBE07864189980B8001473AE /* Images.xcassets */ = {isa = PBXFileReference; lastKnownFileType = folder.assetcatalog; path = Images.xcassets; sourceTree = "<group>"; };
		EBE0786A189980B8001473AE /* WhiskTests.xctest */ = {isa = PBXFileReference; explicitFileType = wrapper.cfbundle; includeInIndex = 0; path = WhiskTests.xctest; sourceTree = BUILT_PRODUCTS_DIR; };
		EBE0786B189980B8001473AE /* XCTest.framework */ = {isa = PBXFileReference; lastKnownFileType = wrapper.framework; name = XCTest.framework; path = Library/Frameworks/XCTest.framework; sourceTree = DEVELOPER_DIR; };
		EBE07873189980B8001473AE /* WhiskTests-Info.plist */ = {isa = PBXFileReference; lastKnownFileType = text.plist.xml; path = "WhiskTests-Info.plist"; sourceTree = "<group>"; };
		EBE07875189980B8001473AE /* en */ = {isa = PBXFileReference; lastKnownFileType = text.plist.strings; name = en; path = en.lproj/InfoPlist.strings; sourceTree = "<group>"; };
		EBE07877189980B8001473AE /* WhiskTests.m */ = {isa = PBXFileReference; lastKnownFileType = sourcecode.c.objc; path = WhiskTests.m; sourceTree = "<group>"; };
		EBE078811899825A001473AE /* CoreData.framework */ = {isa = PBXFileReference; lastKnownFileType = wrapper.framework; name = CoreData.framework; path = System/Library/Frameworks/CoreData.framework; sourceTree = SDKROOT; };
		EBE07883189B5DF7001473AE /* ThirdViewController.h */ = {isa = PBXFileReference; fileEncoding = 4; lastKnownFileType = sourcecode.c.h; path = ThirdViewController.h; sourceTree = "<group>"; };
		EBE07884189B5DF7001473AE /* ThirdViewController.m */ = {isa = PBXFileReference; fileEncoding = 4; lastKnownFileType = sourcecode.c.objc; path = ThirdViewController.m; sourceTree = "<group>"; };
		EBE07886189B6AFA001473AE /* IMG_2555.jpg */ = {isa = PBXFileReference; lastKnownFileType = image.jpeg; name = IMG_2555.jpg; path = Images.xcassets/IMG_2555.jpg; sourceTree = "<group>"; };
/* End PBXFileReference section */

/* Begin PBXFrameworksBuildPhase section */
		EBE07843189980B8001473AE /* Frameworks */ = {
			isa = PBXFrameworksBuildPhase;
			buildActionMask = 2147483647;
			files = (
				EBE078821899825A001473AE /* CoreData.framework in Frameworks */,
				EBE0784C189980B8001473AE /* CoreGraphics.framework in Frameworks */,
				EBE0784E189980B8001473AE /* UIKit.framework in Frameworks */,
				EBE0784A189980B8001473AE /* Foundation.framework in Frameworks */,
			);
			runOnlyForDeploymentPostprocessing = 0;
		};
		EBE07867189980B8001473AE /* Frameworks */ = {
			isa = PBXFrameworksBuildPhase;
			buildActionMask = 2147483647;
			files = (
				EBE0786C189980B8001473AE /* XCTest.framework in Frameworks */,
				EBE0786E189980B8001473AE /* UIKit.framework in Frameworks */,
				EBE0786D189980B8001473AE /* Foundation.framework in Frameworks */,
			);
			runOnlyForDeploymentPostprocessing = 0;
		};
/* End PBXFrameworksBuildPhase section */

/* Begin PBXGroup section */
		EBE0783D189980B8001473AE = {
			isa = PBXGroup;
			children = (
				EBE0784F189980B8001473AE /* Whisk */,
				EBE07871189980B8001473AE /* WhiskTests */,
				EBE07848189980B8001473AE /* Frameworks */,
				EBE07847189980B8001473AE /* Products */,
			);
			sourceTree = "<group>";
		};
		EBE07847189980B8001473AE /* Products */ = {
			isa = PBXGroup;
			children = (
				EBE07846189980B8001473AE /* Whisk.app */,
				EBE0786A189980B8001473AE /* WhiskTests.xctest */,
			);
			name = Products;
			sourceTree = "<group>";
		};
		EBE07848189980B8001473AE /* Frameworks */ = {
			isa = PBXGroup;
			children = (
				EBE078811899825A001473AE /* CoreData.framework */,
				EBE07849189980B8001473AE /* Foundation.framework */,
				EBE0784B189980B8001473AE /* CoreGraphics.framework */,
				EBE0784D189980B8001473AE /* UIKit.framework */,
				EBE0786B189980B8001473AE /* XCTest.framework */,
			);
			name = Frameworks;
			sourceTree = "<group>";
		};
		EBE0784F189980B8001473AE /* Whisk */ = {
			isa = PBXGroup;
			children = (
				EBE07858189980B8001473AE /* AppDelegate.h */,
				EBE07859189980B8001473AE /* AppDelegate.m */,
				EBE0785B189980B8001473AE /* Main.storyboard */,
				EBE0785E189980B8001473AE /* FirstViewController.h */,
				EBE0785F189980B8001473AE /* FirstViewController.m */,
				EBE07861189980B8001473AE /* SecondViewController.h */,
				EBE07862189980B8001473AE /* SecondViewController.m */,
				EBE07883189B5DF7001473AE /* ThirdViewController.h */,
				EBE07884189B5DF7001473AE /* ThirdViewController.m */,
				EBE07886189B6AFA001473AE /* IMG_2555.jpg */,
				EBE07864189980B8001473AE /* Images.xcassets */,
				EBE07850189980B8001473AE /* Supporting Files */,
			);
			path = Whisk;
			sourceTree = "<group>";
		};
		EBE07850189980B8001473AE /* Supporting Files */ = {
			isa = PBXGroup;
			children = (
				EBE07851189980B8001473AE /* Whisk-Info.plist */,
				EBE07852189980B8001473AE /* InfoPlist.strings */,
				EBE07855189980B8001473AE /* main.m */,
				EBE07857189980B8001473AE /* Whisk-Prefix.pch */,
			);
			name = "Supporting Files";
			sourceTree = "<group>";
		};
		EBE07871189980B8001473AE /* WhiskTests */ = {
			isa = PBXGroup;
			children = (
				EBE07877189980B8001473AE /* WhiskTests.m */,
				EBE07872189980B8001473AE /* Supporting Files */,
			);
			path = WhiskTests;
			sourceTree = "<group>";
		};
		EBE07872189980B8001473AE /* Supporting Files */ = {
			isa = PBXGroup;
			children = (
				EBE07873189980B8001473AE /* WhiskTests-Info.plist */,
				EBE07874189980B8001473AE /* InfoPlist.strings */,
			);
			name = "Supporting Files";
			sourceTree = "<group>";
		};
/* End PBXGroup section */

/* Begin PBXNativeTarget section */
		EBE07845189980B8001473AE /* Whisk */ = {
			isa = PBXNativeTarget;
			buildConfigurationList = EBE0787B189980B8001473AE /* Build configuration list for PBXNativeTarget "Whisk" */;
			buildPhases = (
				EBE07842189980B8001473AE /* Sources */,
				EBE07843189980B8001473AE /* Frameworks */,
				EBE07844189980B8001473AE /* Resources */,
			);
			buildRules = (
			);
			dependencies = (
			);
			name = Whisk;
			productName = Whisk;
			productReference = EBE07846189980B8001473AE /* Whisk.app */;
			productType = "com.apple.product-type.application";
		};
		EBE07869189980B8001473AE /* WhiskTests */ = {
			isa = PBXNativeTarget;
			buildConfigurationList = EBE0787E189980B8001473AE /* Build configuration list for PBXNativeTarget "WhiskTests" */;
			buildPhases = (
				EBE07866189980B8001473AE /* Sources */,
				EBE07867189980B8001473AE /* Frameworks */,
				EBE07868189980B8001473AE /* Resources */,
			);
			buildRules = (
			);
			dependencies = (
				EBE07870189980B8001473AE /* PBXTargetDependency */,
			);
			name = WhiskTests;
			productName = WhiskTests;
			productReference = EBE0786A189980B8001473AE /* WhiskTests.xctest */;
			productType = "com.apple.product-type.bundle.unit-test";
		};
/* End PBXNativeTarget section */

/* Begin PBXProject section */
		EBE0783E189980B8001473AE /* Project object */ = {
			isa = PBXProject;
			attributes = {
				LastUpgradeCheck = 0500;
				ORGANIZATIONNAME = "Ammon Gruwell";
				TargetAttributes = {
					EBE07869189980B8001473AE = {
						TestTargetID = EBE07845189980B8001473AE;
					};
				};
			};
			buildConfigurationList = EBE07841189980B8001473AE /* Build configuration list for PBXProject "Whisk" */;
			compatibilityVersion = "Xcode 3.2";
			developmentRegion = English;
			hasScannedForEncodings = 0;
			knownRegions = (
				en,
				Base,
			);
			mainGroup = EBE0783D189980B8001473AE;
			productRefGroup = EBE07847189980B8001473AE /* Products */;
			projectDirPath = "";
			projectRoot = "";
			targets = (
				EBE07845189980B8001473AE /* Whisk */,
				EBE07869189980B8001473AE /* WhiskTests */,
			);
		};
/* End PBXProject section */

/* Begin PBXResourcesBuildPhase section */
		EBE07844189980B8001473AE /* Resources */ = {
			isa = PBXResourcesBuildPhase;
			buildActionMask = 2147483647;
			files = (
				EBE07887189B6AFA001473AE /* IMG_2555.jpg in Resources */,
				EBE07865189980B8001473AE /* Images.xcassets in Resources */,
				EBE07854189980B8001473AE /* InfoPlist.strings in Resources */,
				EBE0785D189980B8001473AE /* Main.storyboard in Resources */,
			);
			runOnlyForDeploymentPostprocessing = 0;
		};
		EBE07868189980B8001473AE /* Resources */ = {
			isa = PBXResourcesBuildPhase;
			buildActionMask = 2147483647;
			files = (
				EBE07876189980B8001473AE /* InfoPlist.strings in Resources */,
			);
			runOnlyForDeploymentPostprocessing = 0;
		};
/* End PBXResourcesBuildPhase section */

/* Begin PBXSourcesBuildPhase section */
		EBE07842189980B8001473AE /* Sources */ = {
			isa = PBXSourcesBuildPhase;
			buildActionMask = 2147483647;
			files = (
				EBE07863189980B8001473AE /* SecondViewController.m in Sources */,
				EBE07885189B5DF7001473AE /* ThirdViewController.m in Sources */,
				EBE0785A189980B8001473AE /* AppDelegate.m in Sources */,
				EBE07860189980B8001473AE /* FirstViewController.m in Sources */,
				EBE07856189980B8001473AE /* main.m in Sources */,
			);
			runOnlyForDeploymentPostprocessing = 0;
		};
		EBE07866189980B8001473AE /* Sources */ = {
			isa = PBXSourcesBuildPhase;
			buildActionMask = 2147483647;
			files = (
				EBE07878189980B8001473AE /* WhiskTests.m in Sources */,
			);
			runOnlyForDeploymentPostprocessing = 0;
		};
/* End PBXSourcesBuildPhase section */

/* Begin PBXTargetDependency section */
		EBE07870189980B8001473AE /* PBXTargetDependency */ = {
			isa = PBXTargetDependency;
			target = EBE07845189980B8001473AE /* Whisk */;
			targetProxy = EBE0786F189980B8001473AE /* PBXContainerItemProxy */;
		};
/* End PBXTargetDependency section */

/* Begin PBXVariantGroup section */
		EBE07852189980B8001473AE /* InfoPlist.strings */ = {
			isa = PBXVariantGroup;
			children = (
				EBE07853189980B8001473AE /* en */,
			);
			name = InfoPlist.strings;
			sourceTree = "<group>";
		};
		EBE0785B189980B8001473AE /* Main.storyboard */ = {
			isa = PBXVariantGroup;
			children = (
				EBE0785C189980B8001473AE /* Base */,
			);
			name = Main.storyboard;
			sourceTree = "<group>";
		};
		EBE07874189980B8001473AE /* InfoPlist.strings */ = {
			isa = PBXVariantGroup;
			children = (
				EBE07875189980B8001473AE /* en */,
			);
			name = InfoPlist.strings;
			sourceTree = "<group>";
		};
/* End PBXVariantGroup section */

/* Begin XCBuildConfiguration section */
		EBE07879189980B8001473AE /* Debug */ = {
			isa = XCBuildConfiguration;
			buildSettings = {
				ALWAYS_SEARCH_USER_PATHS = NO;
				ARCHS = "$(ARCHS_STANDARD_INCLUDING_64_BIT)";
				CLANG_CXX_LANGUAGE_STANDARD = "gnu++0x";
				CLANG_CXX_LIBRARY = "libc++";
				CLANG_ENABLE_MODULES = YES;
				CLANG_ENABLE_OBJC_ARC = YES;
				CLANG_WARN_BOOL_CONVERSION = YES;
				CLANG_WARN_CONSTANT_CONVERSION = YES;
				CLANG_WARN_DIRECT_OBJC_ISA_USAGE = YES_ERROR;
				CLANG_WARN_EMPTY_BODY = YES;
				CLANG_WARN_ENUM_CONVERSION = YES;
				CLANG_WARN_INT_CONVERSION = YES;
				CLANG_WARN_OBJC_ROOT_CLASS = YES_ERROR;
				CLANG_WARN__DUPLICATE_METHOD_MATCH = YES;
				"CODE_SIGN_IDENTITY[sdk=iphoneos*]" = "iPhone Developer";
				COPY_PHASE_STRIP = NO;
				GCC_C_LANGUAGE_STANDARD = gnu99;
				GCC_DYNAMIC_NO_PIC = NO;
				GCC_OPTIMIZATION_LEVEL = 0;
				GCC_PREPROCESSOR_DEFINITIONS = (
					"DEBUG=1",
					"$(inherited)",
				);
				GCC_SYMBOLS_PRIVATE_EXTERN = NO;
				GCC_WARN_64_TO_32_BIT_CONVERSION = YES;
				GCC_WARN_ABOUT_RETURN_TYPE = YES_ERROR;
				GCC_WARN_UNDECLARED_SELECTOR = YES;
				GCC_WARN_UNINITIALIZED_AUTOS = YES;
				GCC_WARN_UNUSED_FUNCTION = YES;
				GCC_WARN_UNUSED_VARIABLE = YES;
				IPHONEOS_DEPLOYMENT_TARGET = 7.0;
				ONLY_ACTIVE_ARCH = YES;
				SDKROOT = iphoneos;
			};
			name = Debug;
		};
		EBE0787A189980B8001473AE /* Release */ = {
			isa = XCBuildConfiguration;
			buildSettings = {
				ALWAYS_SEARCH_USER_PATHS = NO;
				ARCHS = "$(ARCHS_STANDARD_INCLUDING_64_BIT)";
				CLANG_CXX_LANGUAGE_STANDARD = "gnu++0x";
				CLANG_CXX_LIBRARY = "libc++";
				CLANG_ENABLE_MODULES = YES;
				CLANG_ENABLE_OBJC_ARC = YES;
				CLANG_WARN_BOOL_CONVERSION = YES;
				CLANG_WARN_CONSTANT_CONVERSION = YES;
				CLANG_WARN_DIRECT_OBJC_ISA_USAGE = YES_ERROR;
				CLANG_WARN_EMPTY_BODY = YES;
				CLANG_WARN_ENUM_CONVERSION = YES;
				CLANG_WARN_INT_CONVERSION = YES;
				CLANG_WARN_OBJC_ROOT_CLASS = YES_ERROR;
				CLANG_WARN__DUPLICATE_METHOD_MATCH = YES;
				"CODE_SIGN_IDENTITY[sdk=iphoneos*]" = "iPhone Developer";
				COPY_PHASE_STRIP = YES;
				ENABLE_NS_ASSERTIONS = NO;
				GCC_C_LANGUAGE_STANDARD = gnu99;
				GCC_WARN_64_TO_32_BIT_CONVERSION = YES;
				GCC_WARN_ABOUT_RETURN_TYPE = YES_ERROR;
				GCC_WARN_UNDECLARED_SELECTOR = YES;
				GCC_WARN_UNINITIALIZED_AUTOS = YES;
				GCC_WARN_UNUSED_FUNCTION = YES;
				GCC_WARN_UNUSED_VARIABLE = YES;
				IPHONEOS_DEPLOYMENT_TARGET = 7.0;
				SDKROOT = iphoneos;
				VALIDATE_PRODUCT = YES;
			};
			name = Release;
		};
		EBE0787C189980B8001473AE /* Debug */ = {
			isa = XCBuildConfiguration;
			buildSettings = {
				ASSETCATALOG_COMPILER_APPICON_NAME = AppIcon;
				ASSETCATALOG_COMPILER_LAUNCHIMAGE_NAME = LaunchImage;
				GCC_PRECOMPILE_PREFIX_HEADER = YES;
				GCC_PREFIX_HEADER = "Whisk/Whisk-Prefix.pch";
				INFOPLIST_FILE = "Whisk/Whisk-Info.plist";
				PRODUCT_NAME = "$(TARGET_NAME)";
				WRAPPER_EXTENSION = app;
			};
			name = Debug;
		};
		EBE0787D189980B8001473AE /* Release */ = {
			isa = XCBuildConfiguration;
			buildSettings = {
				ASSETCATALOG_COMPILER_APPICON_NAME = AppIcon;
				ASSETCATALOG_COMPILER_LAUNCHIMAGE_NAME = LaunchImage;
				GCC_PRECOMPILE_PREFIX_HEADER = YES;
				GCC_PREFIX_HEADER = "Whisk/Whisk-Prefix.pch";
				INFOPLIST_FILE = "Whisk/Whisk-Info.plist";
				PRODUCT_NAME = "$(TARGET_NAME)";
				WRAPPER_EXTENSION = app;
			};
			name = Release;
		};
		EBE0787F189980B8001473AE /* Debug */ = {
			isa = XCBuildConfiguration;
			buildSettings = {
				ARCHS = "$(ARCHS_STANDARD_INCLUDING_64_BIT)";
				BUNDLE_LOADER = "$(BUILT_PRODUCTS_DIR)/Whisk.app/Whisk";
				FRAMEWORK_SEARCH_PATHS = (
					"$(SDKROOT)/Developer/Library/Frameworks",
					"$(inherited)",
					"$(DEVELOPER_FRAMEWORKS_DIR)",
				);
				GCC_PRECOMPILE_PREFIX_HEADER = YES;
				GCC_PREFIX_HEADER = "Whisk/Whisk-Prefix.pch";
				GCC_PREPROCESSOR_DEFINITIONS = (
					"DEBUG=1",
					"$(inherited)",
				);
				INFOPLIST_FILE = "WhiskTests/WhiskTests-Info.plist";
				PRODUCT_NAME = "$(TARGET_NAME)";
				TEST_HOST = "$(BUNDLE_LOADER)";
				WRAPPER_EXTENSION = xctest;
			};
			name = Debug;
		};
		EBE07880189980B8001473AE /* Release */ = {
			isa = XCBuildConfiguration;
			buildSettings = {
				ARCHS = "$(ARCHS_STANDARD_INCLUDING_64_BIT)";
				BUNDLE_LOADER = "$(BUILT_PRODUCTS_DIR)/Whisk.app/Whisk";
				FRAMEWORK_SEARCH_PATHS = (
					"$(SDKROOT)/Developer/Library/Frameworks",
					"$(inherited)",
					"$(DEVELOPER_FRAMEWORKS_DIR)",
				);
				GCC_PRECOMPILE_PREFIX_HEADER = YES;
				GCC_PREFIX_HEADER = "Whisk/Whisk-Prefix.pch";
				INFOPLIST_FILE = "WhiskTests/WhiskTests-Info.plist";
				PRODUCT_NAME = "$(TARGET_NAME)";
				TEST_HOST = "$(BUNDLE_LOADER)";
				WRAPPER_EXTENSION = xctest;
			};
			name = Release;
		};
/* End XCBuildConfiguration section */

/* Begin XCConfigurationList section */
		EBE07841189980B8001473AE /* Build configuration list for PBXProject "Whisk" */ = {
			isa = XCConfigurationList;
			buildConfigurations = (
				EBE07879189980B8001473AE /* Debug */,
				EBE0787A189980B8001473AE /* Release */,
			);
			defaultConfigurationIsVisible = 0;
			defaultConfigurationName = Release;
		};
		EBE0787B189980B8001473AE /* Build configuration list for PBXNativeTarget "Whisk" */ = {
			isa = XCConfigurationList;
			buildConfigurations = (
				EBE0787C189980B8001473AE /* Debug */,
				EBE0787D189980B8001473AE /* Release */,
			);
			defaultConfigurationIsVisible = 0;
			defaultConfigurationName = Release;
		};
		EBE0787E189980B8001473AE /* Build configuration list for PBXNativeTarget "WhiskTests" */ = {
			isa = XCConfigurationList;
			buildConfigurations = (
				EBE0787F189980B8001473AE /* Debug */,
				EBE07880189980B8001473AE /* Release */,
			);
			defaultConfigurationIsVisible = 0;
			defaultConfigurationName = Release;
		};
/* End XCConfigurationList section */
	};
	rootObject = EBE0783E189980B8001473AE /* Project object */;
}
